
Microsoft Visual Studio Solution File, Format Version 12.00
# Visual Studio Version 17
VisualStudioVersion = 17.12.35527.113 d17.12
MinimumVisualStudioVersion = 10.0.40219.1
Project("{2150E333-8FDC-42A3-9474-1A3956D46DE8}") = "src", "src", "{A4B5E3BF-3FAB-4383-925A-D5EA5981F494}"
EndProject
Project("{2150E333-8FDC-42A3-9474-1A3956D46DE8}") = "nswag", "nswag", "{5ED67D4A-FED3-4633-B071-9CD3FD09CCD3}"
EndProject
Project("{2150E333-8FDC-42A3-9474-1A3956D46DE8}") = "packing", "packing", "{289F79E0-1AB2-4778-ABA4-B79455AB4C10}"
EndProject
Project("{2150E333-8FDC-42A3-9474-1A3956D46DE8}") = "typescript-client", "typescript-client", "{3A4EC550-309B-4506-A001-DF07325972BD}"
EndProject
Project("{2150E333-8FDC-42A3-9474-1A3956D46DE8}") = "projectfiles", "projectfiles", "{E88931F4-4917-4435-80EB-F03DA76C4A36}"
	ProjectSection(SolutionItems) = preProject
		Dockerfile = Dockerfile
	EndProjectSection
EndProject
Project("{FAE04EC0-301F-11D3-BF4B-00C04F79EFBC}") = "eConstruction.Service.Order", "src\eConstruction.Service.Order\eConstruction.Service.Order.csproj", "{40DD1693-DC88-4D30-8E5F-3E4B82349A20}"
EndProject
Global
	GlobalSection(SolutionConfigurationPlatforms) = preSolution
		Debug|Any CPU = Debug|Any CPU
		Release|Any CPU = Release|Any CPU
	EndGlobalSection
	GlobalSection(ProjectConfigurationPlatforms) = postSolution
		{40DD1693-DC88-4D30-8E5F-3E4B82349A20}.Debug|Any CPU.ActiveCfg = Debug|Any CPU
		{40DD1693-DC88-4D30-8E5F-3E4B82349A20}.Debug|Any CPU.Build.0 = Debug|Any CPU
		{40DD1693-DC88-4D30-8E5F-3E4B82349A20}.Release|Any CPU.ActiveCfg = Release|Any CPU
		{40DD1693-DC88-4D30-8E5F-3E4B82349A20}.Release|Any CPU.Build.0 = Release|Any CPU
	EndGlobalSection
	GlobalSection(SolutionProperties) = preSolution
		HideSolutionNode = FALSE
	EndGlobalSection
	GlobalSection(NestedProjects) = preSolution
		{3A4EC550-309B-4506-A001-DF07325972BD} = {289F79E0-1AB2-4778-ABA4-B79455AB4C10}
		{40DD1693-DC88-4D30-8E5F-3E4B82349A20} = {A4B5E3BF-3FAB-4383-925A-D5EA5981F494}
	EndGlobalSection
EndGlobal
